
Microsoft Visual Studio Solution File, Format Version 12.00
# Visual Studio Version 17
VisualStudioVersion = 17.4.33006.217
MinimumVisualStudioVersion = 10.0.40219.1
Project("{FAE04EC0-301F-11D3-BF4B-00C04F79EFBC}") = "WeatherApp.Web", "WeatherApp.Web\WeatherApp.Web.csproj", "{A7031DE5-BA4A-471E-A433-D04D1EE3670F}"
EndProject
Project("{FAE04EC0-301F-11D3-BF4B-00C04F79EFBC}") = "WeatherApp.DAL", "WeatherApp.DAL\WeatherApp.DAL.csproj", "{A9BCC057-D540-486F-A4C5-B7F5F655FA28}"
EndProject
Project("{FAE04EC0-301F-11D3-BF4B-00C04F79EFBC}") = "WeatherApp.BLL", "WeatherApp.BLL\WeatherApp.BLL.csproj", "{E9CA8952-7AC7-4C95-B68F-12769DFA8784}"
EndProject
Global
	GlobalSection(SolutionConfigurationPlatforms) = preSolution
		Debug|Any CPU = Debug|Any CPU
		Release|Any CPU = Release|Any CPU
	EndGlobalSection
	GlobalSection(ProjectConfigurationPlatforms) = postSolution
		{A7031DE5-BA4A-471E-A433-D04D1EE3670F}.Debug|Any CPU.ActiveCfg = Debug|Any CPU
		{A7031DE5-BA4A-471E-A433-D04D1EE3670F}.Debug|Any CPU.Build.0 = Debug|Any CPU
		{A7031DE5-BA4A-471E-A433-D04D1EE3670F}.Release|Any CPU.ActiveCfg = Release|Any CPU
		{A7031DE5-BA4A-471E-A433-D04D1EE3670F}.Release|Any CPU.Build.0 = Release|Any CPU
		{A9BCC057-D540-486F-A4C5-B7F5F655FA28}.Debug|Any CPU.ActiveCfg = Debug|Any CPU
		{A9BCC057-D540-486F-A4C5-B7F5F655FA28}.Debug|Any CPU.Build.0 = Debug|Any CPU
		{A9BCC057-D540-486F-A4C5-B7F5F655FA28}.Release|Any CPU.ActiveCfg = Release|Any CPU
		{A9BCC057-D540-486F-A4C5-B7F5F655FA28}.Release|Any CPU.Build.0 = Release|Any CPU
		{E9CA8952-7AC7-4C95-B68F-12769DFA8784}.Debug|Any CPU.ActiveCfg = Debug|Any CPU
		{E9CA8952-7AC7-4C95-B68F-12769DFA8784}.Debug|Any CPU.Build.0 = Debug|Any CPU
		{E9CA8952-7AC7-4C95-B68F-12769DFA8784}.Release|Any CPU.ActiveCfg = Release|Any CPU
		{E9CA8952-7AC7-4C95-B68F-12769DFA8784}.Release|Any CPU.Build.0 = Release|Any CPU
	EndGlobalSection
	GlobalSection(SolutionProperties) = preSolution
		HideSolutionNode = FALSE
	EndGlobalSection
	GlobalSection(ExtensibilityGlobals) = postSolution
		SolutionGuid = {647A1DFE-2302-42E2-9257-842640E564DE}
	EndGlobalSection
EndGlobal
